
Microsoft Visual Studio Solution File, Format Version 12.00
# Visual Studio 15
VisualStudioVersion = 15.0.28307.421
MinimumVisualStudioVersion = 10.0.40219.1
Project("{FAE04EC0-301F-11D3-BF4B-00C04F79EFBC}") = "EmployeeMaintainanceAPI", "EmployeeMaintainanceAPI\EmployeeMaintainanceAPI.csproj", "{BACFFE3A-5359-4367-80C6-1941DC925A68}"
EndProject
Global
	GlobalSection(SolutionConfigurationPlatforms) = preSolution
		Debug|Any CPU = Debug|Any CPU
		Release|Any CPU = Release|Any CPU
	EndGlobalSection
	GlobalSection(ProjectConfigurationPlatforms) = postSolution
		{BACFFE3A-5359-4367-80C6-1941DC925A68}.Debug|Any CPU.ActiveCfg = Debug|Any CPU
		{BACFFE3A-5359-4367-80C6-1941DC925A68}.Debug|Any CPU.Build.0 = Debug|Any CPU
		{BACFFE3A-5359-4367-80C6-1941DC925A68}.Release|Any CPU.ActiveCfg = Release|Any CPU
		{BACFFE3A-5359-4367-80C6-1941DC925A68}.Release|Any CPU.Build.0 = Release|Any CPU
	EndGlobalSection
	GlobalSection(SolutionProperties) = preSolution
		HideSolutionNode = FALSE
	EndGlobalSection
	GlobalSection(ExtensibilityGlobals) = postSolution
		SolutionGuid = {9346D1E0-0BE1-4B12-8714-2D2F42428775}
	EndGlobalSection
EndGlobal
